
Microsoft Visual Studio Solution File, Format Version 12.00
# Visual Studio Version 17
VisualStudioVersion = 17.10.35201.131
MinimumVisualStudioVersion = 10.0.40219.1
Project("{2150E333-8FDC-42A3-9474-1A3956D46DE8}") = "Services", "Services", "{DBDA0468-50B4-4598-A517-216FCEF26E24}"
EndProject
Project("{2150E333-8FDC-42A3-9474-1A3956D46DE8}") = "Catalog", "Catalog", "{44D6E8E3-7CD1-431E-B98F-A3D3EB6CA931}"
EndProject
Project("{9A19103F-16F7-4668-BE54-9A1E7A4F7556}") = "MultiShop.Catalog", "Services\Catalog\MultiShop.Catalog\MultiShop.Catalog.csproj", "{4C0F3CAE-E964-45E0-9BE8-1AD15EC782B1}"
EndProject
Project("{2150E333-8FDC-42A3-9474-1A3956D46DE8}") = "Discount", "Discount", "{8E26C7F4-7C62-4EC0-9E85-4B4529BA9E7B}"
EndProject
Project("{9A19103F-16F7-4668-BE54-9A1E7A4F7556}") = "MultiShop.Discount", "Services\Discount\MultiShop.Discount\MultiShop.Discount.csproj", "{9A7EE065-9109-4ED9-B351-238B2913824F}"
EndProject
Project("{2150E333-8FDC-42A3-9474-1A3956D46DE8}") = "Order", "Order", "{4D47BB74-F586-4E40-80BB-EFD42B8BA2D3}"
EndProject
Project("{2150E333-8FDC-42A3-9474-1A3956D46DE8}") = "Core", "Core", "{DEDC62D7-960E-4D87-A18C-BD004B6B40DC}"
EndProject
Project("{2150E333-8FDC-42A3-9474-1A3956D46DE8}") = "Infrastucture", "Infrastucture", "{858BED36-B5BB-4F11-AB98-52ABD07CDD89}"
EndProject
Project("{2150E333-8FDC-42A3-9474-1A3956D46DE8}") = "Presentation", "Presentation", "{B8572388-3F71-4BE9-BB97-BFD0BD7201C1}"
EndProject
Project("{9A19103F-16F7-4668-BE54-9A1E7A4F7556}") = "MultiShop.Order.Application", "..\..\..\Users\alper\OneDrive\Masaüstü\Order2\MultiShop.Core\MultiShop.Order.Application\MultiShop.Order.Application.csproj", "{32C9D6F8-4998-4B0F-A8CD-EC8A8879398C}"
EndProject
Project("{9A19103F-16F7-4668-BE54-9A1E7A4F7556}") = "MultiShop.Order.Domain", "..\..\..\Users\alper\OneDrive\Masaüstü\Order2\MultiShop.Core\MultiShop.Order.Domain\MultiShop.Order.Domain.csproj", "{7B00F890-5403-44A8-9D74-6DA33C9C36DD}"
EndProject
Project("{9A19103F-16F7-4668-BE54-9A1E7A4F7556}") = "MultiShop.Order.Persistence", "..\..\..\Users\alper\OneDrive\Masaüstü\Order2\MultiShop.Infrastructure\MultiShop.Order.Persistence\MultiShop.Order.Persistence.csproj", "{7E77B60F-6734-425E-8660-59C77DBBAAD5}"
EndProject
Project("{9A19103F-16F7-4668-BE54-9A1E7A4F7556}") = "MultiShop.Order.WebAPI", "..\..\..\Users\alper\OneDrive\Masaüstü\Order2\MultiShop.Presentation\MultiShop.Order.WebAPI\MultiShop.Order.WebAPI.csproj", "{0F1C5E34-B6A6-47C9-8E9D-BC40924EC8BC}"
EndProject
Global
	GlobalSection(SolutionConfigurationPlatforms) = preSolution
		Debug|Any CPU = Debug|Any CPU
		Release|Any CPU = Release|Any CPU
	EndGlobalSection
	GlobalSection(ProjectConfigurationPlatforms) = postSolution
		{4C0F3CAE-E964-45E0-9BE8-1AD15EC782B1}.Debug|Any CPU.ActiveCfg = Debug|Any CPU
		{4C0F3CAE-E964-45E0-9BE8-1AD15EC782B1}.Debug|Any CPU.Build.0 = Debug|Any CPU
		{4C0F3CAE-E964-45E0-9BE8-1AD15EC782B1}.Release|Any CPU.ActiveCfg = Release|Any CPU
		{4C0F3CAE-E964-45E0-9BE8-1AD15EC782B1}.Release|Any CPU.Build.0 = Release|Any CPU
		{9A7EE065-9109-4ED9-B351-238B2913824F}.Debug|Any CPU.ActiveCfg = Debug|Any CPU
		{9A7EE065-9109-4ED9-B351-238B2913824F}.Debug|Any CPU.Build.0 = Debug|Any CPU
		{9A7EE065-9109-4ED9-B351-238B2913824F}.Release|Any CPU.ActiveCfg = Release|Any CPU
		{9A7EE065-9109-4ED9-B351-238B2913824F}.Release|Any CPU.Build.0 = Release|Any CPU
		{32C9D6F8-4998-4B0F-A8CD-EC8A8879398C}.Debug|Any CPU.ActiveCfg = Debug|Any CPU
		{32C9D6F8-4998-4B0F-A8CD-EC8A8879398C}.Debug|Any CPU.Build.0 = Debug|Any CPU
		{32C9D6F8-4998-4B0F-A8CD-EC8A8879398C}.Release|Any CPU.ActiveCfg = Release|Any CPU
		{32C9D6F8-4998-4B0F-A8CD-EC8A8879398C}.Release|Any CPU.Build.0 = Release|Any CPU
		{7B00F890-5403-44A8-9D74-6DA33C9C36DD}.Debug|Any CPU.ActiveCfg = Debug|Any CPU
		{7B00F890-5403-44A8-9D74-6DA33C9C36DD}.Debug|Any CPU.Build.0 = Debug|Any CPU
		{7B00F890-5403-44A8-9D74-6DA33C9C36DD}.Release|Any CPU.ActiveCfg = Release|Any CPU
		{7B00F890-5403-44A8-9D74-6DA33C9C36DD}.Release|Any CPU.Build.0 = Release|Any CPU
		{7E77B60F-6734-425E-8660-59C77DBBAAD5}.Debug|Any CPU.ActiveCfg = Debug|Any CPU
		{7E77B60F-6734-425E-8660-59C77DBBAAD5}.Debug|Any CPU.Build.0 = Debug|Any CPU
		{7E77B60F-6734-425E-8660-59C77DBBAAD5}.Release|Any CPU.ActiveCfg = Release|Any CPU
		{7E77B60F-6734-425E-8660-59C77DBBAAD5}.Release|Any CPU.Build.0 = Release|Any CPU
		{0F1C5E34-B6A6-47C9-8E9D-BC40924EC8BC}.Debug|Any CPU.ActiveCfg = Debug|Any CPU
		{0F1C5E34-B6A6-47C9-8E9D-BC40924EC8BC}.Debug|Any CPU.Build.0 = Debug|Any CPU
		{0F1C5E34-B6A6-47C9-8E9D-BC40924EC8BC}.Release|Any CPU.ActiveCfg = Release|Any CPU
		{0F1C5E34-B6A6-47C9-8E9D-BC40924EC8BC}.Release|Any CPU.Build.0 = Release|Any CPU
	EndGlobalSection
	GlobalSection(SolutionProperties) = preSolution
		HideSolutionNode = FALSE
	EndGlobalSection
	GlobalSection(NestedProjects) = preSolution
		{44D6E8E3-7CD1-431E-B98F-A3D3EB6CA931} = {DBDA0468-50B4-4598-A517-216FCEF26E24}
		{4C0F3CAE-E964-45E0-9BE8-1AD15EC782B1} = {44D6E8E3-7CD1-431E-B98F-A3D3EB6CA931}
		{8E26C7F4-7C62-4EC0-9E85-4B4529BA9E7B} = {DBDA0468-50B4-4598-A517-216FCEF26E24}
		{9A7EE065-9109-4ED9-B351-238B2913824F} = {8E26C7F4-7C62-4EC0-9E85-4B4529BA9E7B}
		{4D47BB74-F586-4E40-80BB-EFD42B8BA2D3} = {DBDA0468-50B4-4598-A517-216FCEF26E24}
		{DEDC62D7-960E-4D87-A18C-BD004B6B40DC} = {4D47BB74-F586-4E40-80BB-EFD42B8BA2D3}
		{858BED36-B5BB-4F11-AB98-52ABD07CDD89} = {4D47BB74-F586-4E40-80BB-EFD42B8BA2D3}
		{B8572388-3F71-4BE9-BB97-BFD0BD7201C1} = {4D47BB74-F586-4E40-80BB-EFD42B8BA2D3}
		{32C9D6F8-4998-4B0F-A8CD-EC8A8879398C} = {DEDC62D7-960E-4D87-A18C-BD004B6B40DC}
		{7B00F890-5403-44A8-9D74-6DA33C9C36DD} = {DEDC62D7-960E-4D87-A18C-BD004B6B40DC}
		{7E77B60F-6734-425E-8660-59C77DBBAAD5} = {858BED36-B5BB-4F11-AB98-52ABD07CDD89}
		{0F1C5E34-B6A6-47C9-8E9D-BC40924EC8BC} = {B8572388-3F71-4BE9-BB97-BFD0BD7201C1}
	EndGlobalSection
	GlobalSection(ExtensibilityGlobals) = postSolution
		SolutionGuid = {7060E6B8-E803-4B62-A73E-3F50C5B2BC02}
	EndGlobalSection
EndGlobal
